// !$*UTF8*$!
{
	archiveVersion = 1;
	classes = {
	};
	objectVersion = 50;
	objects = {

/* Begin PBXBuildFile section */
		298D43A0CF025BEAB0996631 /* libPods-Plante Bluetooth.a in Frameworks */ = {isa = PBXBuildFile; fileRef = 324735F14B5BAF7702F26F0C /* libPods-Plante Bluetooth.a */; };
		75089D83243F321400FEF98C /* Assets.xcassets in Resources */ = {isa = PBXBuildFile; fileRef = 75089D82243F321400FEF98C /* Assets.xcassets */; };
		7515560C243A1C5C00C3972D /* PlantController.swift in Sources */ = {isa = PBXBuildFile; fileRef = 7515560B243A1C5C00C3972D /* PlantController.swift */; };
		753EC35924D6C3A300879216 /* StartViewController.swift in Sources */ = {isa = PBXBuildFile; fileRef = 753EC35824D6C3A300879216 /* StartViewController.swift */; };
		753EC35B24D6C79300879216 /* Plant Classifier 1.mlmodel in Sources */ = {isa = PBXBuildFile; fileRef = 753EC35A24D6C79300879216 /* Plant Classifier 1.mlmodel */; };
		753EC35D24D6DD5E00879216 /* DescriptionViewController.swift in Sources */ = {isa = PBXBuildFile; fileRef = 753EC35C24D6DD5E00879216 /* DescriptionViewController.swift */; };
		7565EE9E24DAA51F0040D8FD /* lottiePlant.json in Resources */ = {isa = PBXBuildFile; fileRef = 7565EE9D24DAA51F0040D8FD /* lottiePlant.json */; };
		75965D652437647F002FD2E1 /* AppDelegate.swift in Sources */ = {isa = PBXBuildFile; fileRef = 75965D642437647F002FD2E1 /* AppDelegate.swift */; };
		75965D672437647F002FD2E1 /* SceneDelegate.swift in Sources */ = {isa = PBXBuildFile; fileRef = 75965D662437647F002FD2E1 /* SceneDelegate.swift */; };
		75965D692437647F002FD2E1 /* ScanBluetooth.swift in Sources */ = {isa = PBXBuildFile; fileRef = 75965D682437647F002FD2E1 /* ScanBluetooth.swift */; };
		75965D6C2437647F002FD2E1 /* Main.storyboard in Resources */ = {isa = PBXBuildFile; fileRef = 75965D6A2437647F002FD2E1 /* Main.storyboard */; };
		75965D7124376487002FD2E1 /* LaunchScreen.storyboard in Resources */ = {isa = PBXBuildFile; fileRef = 75965D6F24376487002FD2E1 /* LaunchScreen.storyboard */; };
		75965D7924376BF6002FD2E1 /* UUIDKeys.swift in Sources */ = {isa = PBXBuildFile; fileRef = 75965D7824376BF6002FD2E1 /* UUIDKeys.swift */; };
		75965D7B24376F9D002FD2E1 /* ScanBluetoothCell.swift in Sources */ = {isa = PBXBuildFile; fileRef = 75965D7A24376F9D002FD2E1 /* ScanBluetoothCell.swift */; };
		75A1C5B124409AF400BC2C85 /* AnimationV2.json in Resources */ = {isa = PBXBuildFile; fileRef = 75A1C5B024409AF400BC2C85 /* AnimationV2.json */; };
/* End PBXBuildFile section */

/* Begin PBXFileReference section */
		324735F14B5BAF7702F26F0C /* libPods-Plante Bluetooth.a */ = {isa = PBXFileReference; explicitFileType = archive.ar; includeInIndex = 0; path = "libPods-Plante Bluetooth.a"; sourceTree = BUILT_PRODUCTS_DIR; };
		4855752B2E758A515E004BB7 /* Pods-Plante Bluetooth.release.xcconfig */ = {isa = PBXFileReference; includeInIndex = 1; lastKnownFileType = text.xcconfig; name = "Pods-Plante Bluetooth.release.xcconfig"; path = "Target Support Files/Pods-Plante Bluetooth/Pods-Plante Bluetooth.release.xcconfig"; sourceTree = "<group>"; };
		6C6D6122B7D88CA5B981BABA /* Pods-Plante Bluetooth.debug.xcconfig */ = {isa = PBXFileReference; includeInIndex = 1; lastKnownFileType = text.xcconfig; name = "Pods-Plante Bluetooth.debug.xcconfig"; path = "Target Support Files/Pods-Plante Bluetooth/Pods-Plante Bluetooth.debug.xcconfig"; sourceTree = "<group>"; };
		75089D82243F321400FEF98C /* Assets.xcassets */ = {isa = PBXFileReference; lastKnownFileType = folder.assetcatalog; path = Assets.xcassets; sourceTree = "<group>"; };
		7515560B243A1C5C00C3972D /* PlantController.swift */ = {isa = PBXFileReference; lastKnownFileType = sourcecode.swift; path = PlantController.swift; sourceTree = "<group>"; };
		753EC35824D6C3A300879216 /* StartViewController.swift */ = {isa = PBXFileReference; lastKnownFileType = sourcecode.swift; path = StartViewController.swift; sourceTree = "<group>"; };
		753EC35A24D6C79300879216 /* Plant Classifier 1.mlmodel */ = {isa = PBXFileReference; lastKnownFileType = file.mlmodel; path = "Plant Classifier 1.mlmodel"; sourceTree = "<group>"; };
		753EC35C24D6DD5E00879216 /* DescriptionViewController.swift */ = {isa = PBXFileReference; lastKnownFileType = sourcecode.swift; path = DescriptionViewController.swift; sourceTree = "<group>"; };
		7565EE9D24DAA51F0040D8FD /* lottiePlant.json */ = {isa = PBXFileReference; fileEncoding = 4; lastKnownFileType = text.json; path = lottiePlant.json; sourceTree = SOURCE_ROOT; };
		75965D612437647F002FD2E1 /* Plant Connect.app */ = {isa = PBXFileReference; explicitFileType = wrapper.application; includeInIndex = 0; path = "Plant Connect.app"; sourceTree = BUILT_PRODUCTS_DIR; };
		75965D642437647F002FD2E1 /* AppDelegate.swift */ = {isa = PBXFileReference; lastKnownFileType = sourcecode.swift; path = AppDelegate.swift; sourceTree = "<group>"; };
		75965D662437647F002FD2E1 /* SceneDelegate.swift */ = {isa = PBXFileReference; lastKnownFileType = sourcecode.swift; path = SceneDelegate.swift; sourceTree = "<group>"; };
		75965D682437647F002FD2E1 /* ScanBluetooth.swift */ = {isa = PBXFileReference; lastKnownFileType = sourcecode.swift; path = ScanBluetooth.swift; sourceTree = "<group>"; };
		75965D6B2437647F002FD2E1 /* Base */ = {isa = PBXFileReference; lastKnownFileType = file.storyboard; name = Base; path = Base.lproj/Main.storyboard; sourceTree = "<group>"; };
		75965D7024376487002FD2E1 /* Base */ = {isa = PBXFileReference; lastKnownFileType = file.storyboard; name = Base; path = Base.lproj/LaunchScreen.storyboard; sourceTree = "<group>"; };
		75965D7224376487002FD2E1 /* Info.plist */ = {isa = PBXFileReference; lastKnownFileType = text.plist.xml; path = Info.plist; sourceTree = "<group>"; };
		75965D7824376BF6002FD2E1 /* UUIDKeys.swift */ = {isa = PBXFileReference; lastKnownFileType = sourcecode.swift; path = UUIDKeys.swift; sourceTree = "<group>"; };
		75965D7A24376F9D002FD2E1 /* ScanBluetoothCell.swift */ = {isa = PBXFileReference; lastKnownFileType = sourcecode.swift; path = ScanBluetoothCell.swift; sourceTree = "<group>"; };
		75A1C5B024409AF400BC2C85 /* AnimationV2.json */ = {isa = PBXFileReference; fileEncoding = 4; lastKnownFileType = text.json; path = AnimationV2.json; sourceTree = "<group>"; };
/* End PBXFileReference section */

/* Begin PBXFrameworksBuildPhase section */
		75965D5E2437647F002FD2E1 /* Frameworks */ = {
			isa = PBXFrameworksBuildPhase;
			buildActionMask = 2147483647;
			files = (
				298D43A0CF025BEAB0996631 /* libPods-Plante Bluetooth.a in Frameworks */,
			);
			runOnlyForDeploymentPostprocessing = 0;
		};
/* End PBXFrameworksBuildPhase section */

/* Begin PBXGroup section */
		27E1D656219EE7C7C11C21A2 /* Pods */ = {
			isa = PBXGroup;
			children = (
				6C6D6122B7D88CA5B981BABA /* Pods-Plante Bluetooth.debug.xcconfig */,
				4855752B2E758A515E004BB7 /* Pods-Plante Bluetooth.release.xcconfig */,
			);
			path = Pods;
			sourceTree = "<group>";
		};
		2C5A23FA435E7D8AE7ECD155 /* Frameworks */ = {
			isa = PBXGroup;
			children = (
				324735F14B5BAF7702F26F0C /* libPods-Plante Bluetooth.a */,
			);
			name = Frameworks;
			sourceTree = "<group>";
		};
		75965D582437647F002FD2E1 = {
			isa = PBXGroup;
			children = (
				75965D632437647F002FD2E1 /* Plante Bluetooth */,
				75089D82243F321400FEF98C /* Assets.xcassets */,
				75965D622437647F002FD2E1 /* Products */,
				27E1D656219EE7C7C11C21A2 /* Pods */,
				2C5A23FA435E7D8AE7ECD155 /* Frameworks */,
			);
			sourceTree = "<group>";
		};
		75965D622437647F002FD2E1 /* Products */ = {
			isa = PBXGroup;
			children = (
				75965D612437647F002FD2E1 /* Plant Connect.app */,
			);
			name = Products;
			sourceTree = "<group>";
		};
		75965D632437647F002FD2E1 /* Plante Bluetooth */ = {
			isa = PBXGroup;
			children = (
				75A1C5B024409AF400BC2C85 /* AnimationV2.json */,
				75965D642437647F002FD2E1 /* AppDelegate.swift */,
				75965D662437647F002FD2E1 /* SceneDelegate.swift */,
				75965D682437647F002FD2E1 /* ScanBluetooth.swift */,
				75965D7824376BF6002FD2E1 /* UUIDKeys.swift */,
				753EC35A24D6C79300879216 /* Plant Classifier 1.mlmodel */,
				75965D6A2437647F002FD2E1 /* Main.storyboard */,
				753EC35C24D6DD5E00879216 /* DescriptionViewController.swift */,
				7565EE9D24DAA51F0040D8FD /* lottiePlant.json */,
				753EC35824D6C3A300879216 /* StartViewController.swift */,
				7515560B243A1C5C00C3972D /* PlantController.swift */,
				75965D7A24376F9D002FD2E1 /* ScanBluetoothCell.swift */,
				75965D6F24376487002FD2E1 /* LaunchScreen.storyboard */,
				75965D7224376487002FD2E1 /* Info.plist */,
			);
			path = "Plante Bluetooth";
			sourceTree = "<group>";
		};
/* End PBXGroup section */

/* Begin PBXNativeTarget section */
		75965D602437647F002FD2E1 /* Plante Bluetooth */ = {
			isa = PBXNativeTarget;
			buildConfigurationList = 75965D7524376487002FD2E1 /* Build configuration list for PBXNativeTarget "Plante Bluetooth" */;
			buildPhases = (
				BCDB0E4B0E76626A4FBA5A4C /* [CP] Check Pods Manifest.lock */,
				75965D5D2437647F002FD2E1 /* Sources */,
				75965D5E2437647F002FD2E1 /* Frameworks */,
				75965D5F2437647F002FD2E1 /* Resources */,
			);
			buildRules = (
			);
			dependencies = (
			);
			name = "Plante Bluetooth";
			productName = "Plante Bluetooth";
			productReference = 75965D612437647F002FD2E1 /* Plant Connect.app */;
			productType = "com.apple.product-type.application";
		};
/* End PBXNativeTarget section */

/* Begin PBXProject section */
		75965D592437647F002FD2E1 /* Project object */ = {
			isa = PBXProject;
			attributes = {
				LastSwiftUpdateCheck = 1130;
				LastUpgradeCheck = 1130;
				ORGANIZATIONNAME = LVN;
				TargetAttributes = {
					75965D602437647F002FD2E1 = {
						CreatedOnToolsVersion = 11.3.1;
					};
				};
			};
			buildConfigurationList = 75965D5C2437647F002FD2E1 /* Build configuration list for PBXProject "Plante Bluetooth" */;
			compatibilityVersion = "Xcode 9.3";
			developmentRegion = en;
			hasScannedForEncodings = 0;
			knownRegions = (
				en,
				Base,
			);
			mainGroup = 75965D582437647F002FD2E1;
			productRefGroup = 75965D622437647F002FD2E1 /* Products */;
			projectDirPath = "";
			projectRoot = "";
			targets = (
				75965D602437647F002FD2E1 /* Plante Bluetooth */,
			);
		};
/* End PBXProject section */

/* Begin PBXResourcesBuildPhase section */
		75965D5F2437647F002FD2E1 /* Resources */ = {
			isa = PBXResourcesBuildPhase;
			buildActionMask = 2147483647;
			files = (
				75965D7124376487002FD2E1 /* LaunchScreen.storyboard in Resources */,
				75089D83243F321400FEF98C /* Assets.xcassets in Resources */,
				75A1C5B124409AF400BC2C85 /* AnimationV2.json in Resources */,
				75965D6C2437647F002FD2E1 /* Main.storyboard in Resources */,
				7565EE9E24DAA51F0040D8FD /* lottiePlant.json in Resources */,
			);
			runOnlyForDeploymentPostprocessing = 0;
		};
/* End PBXResourcesBuildPhase section */

/* Begin PBXShellScriptBuildPhase section */
		BCDB0E4B0E76626A4FBA5A4C /* [CP] Check Pods Manifest.lock */ = {
			isa = PBXShellScriptBuildPhase;
			buildActionMask = 2147483647;
			files = (
			);
			inputFileListPaths = (
			);
			inputPaths = (
				"${PODS_PODFILE_DIR_PATH}/Podfile.lock",
				"${PODS_ROOT}/Manifest.lock",
			);
			name = "[CP] Check Pods Manifest.lock";
			outputFileListPaths = (
			);
			outputPaths = (
				"$(DERIVED_FILE_DIR)/Pods-Plante Bluetooth-checkManifestLockResult.txt",
			);
			runOnlyForDeploymentPostprocessing = 0;
			shellPath = /bin/sh;
			shellScript = "diff \"${PODS_PODFILE_DIR_PATH}/Podfile.lock\" \"${PODS_ROOT}/Manifest.lock\" > /dev/null\nif [ $? != 0 ] ; then\n    # print error to STDERR\n    echo \"error: The sandbox is not in sync with the Podfile.lock. Run 'pod install' or update your CocoaPods installation.\" >&2\n    exit 1\nfi\n# This output is used by Xcode 'outputs' to avoid re-running this script phase.\necho \"SUCCESS\" > \"${SCRIPT_OUTPUT_FILE_0}\"\n";
			showEnvVarsInLog = 0;
		};
/* End PBXShellScriptBuildPhase section */

/* Begin PBXSourcesBuildPhase section */
		75965D5D2437647F002FD2E1 /* Sources */ = {
			isa = PBXSourcesBuildPhase;
			buildActionMask = 2147483647;
			files = (
				75965D7924376BF6002FD2E1 /* UUIDKeys.swift in Sources */,
				753EC35924D6C3A300879216 /* StartViewController.swift in Sources */,
				7515560C243A1C5C00C3972D /* PlantController.swift in Sources */,
				75965D692437647F002FD2E1 /* ScanBluetooth.swift in Sources */,
				75965D652437647F002FD2E1 /* AppDelegate.swift in Sources */,
				75965D672437647F002FD2E1 /* SceneDelegate.swift in Sources */,
				753EC35D24D6DD5E00879216 /* DescriptionViewController.swift in Sources */,
				75965D7B24376F9D002FD2E1 /* ScanBluetoothCell.swift in Sources */,
				753EC35B24D6C79300879216 /* Plant Classifier 1.mlmodel in Sources */,
			);
			runOnlyForDeploymentPostprocessing = 0;
		};
/* End PBXSourcesBuildPhase section */

/* Begin PBXVariantGroup section */
		75965D6A2437647F002FD2E1 /* Main.storyboard */ = {
			isa = PBXVariantGroup;
			children = (
				75965D6B2437647F002FD2E1 /* Base */,
			);
			name = Main.storyboard;
			sourceTree = "<group>";
		};
		75965D6F24376487002FD2E1 /* LaunchScreen.storyboard */ = {
			isa = PBXVariantGroup;
			children = (
				75965D7024376487002FD2E1 /* Base */,
			);
			name = LaunchScreen.storyboard;
			sourceTree = "<group>";
		};
/* End PBXVariantGroup section */

/* Begin XCBuildConfiguration section */
		75965D7324376487002FD2E1 /* Debug */ = {
			isa = XCBuildConfiguration;
			buildSettings = {
				ALWAYS_SEARCH_USER_PATHS = NO;
				CLANG_ANALYZER_NONNULL = YES;
				CLANG_ANALYZER_NUMBER_OBJECT_CONVERSION = YES_AGGRESSIVE;
				CLANG_CXX_LANGUAGE_STANDARD = "gnu++14";
				CLANG_CXX_LIBRARY = "libc++";
				CLANG_ENABLE_MODULES = YES;
				CLANG_ENABLE_OBJC_ARC = YES;
				CLANG_ENABLE_OBJC_WEAK = YES;
				CLANG_WARN_BLOCK_CAPTURE_AUTORELEASING = YES;
				CLANG_WARN_BOOL_CONVERSION = YES;
				CLANG_WARN_COMMA = YES;
				CLANG_WARN_CONSTANT_CONVERSION = YES;
				CLANG_WARN_DEPRECATED_OBJC_IMPLEMENTATIONS = YES;
				CLANG_WARN_DIRECT_OBJC_ISA_USAGE = YES_ERROR;
				CLANG_WARN_DOCUMENTATION_COMMENTS = YES;
				CLANG_WARN_EMPTY_BODY = YES;
				CLANG_WARN_ENUM_CONVERSION = YES;
				CLANG_WARN_INFINITE_RECURSION = YES;
				CLANG_WARN_INT_CONVERSION = YES;
				CLANG_WARN_NON_LITERAL_NULL_CONVERSION = YES;
				CLANG_WARN_OBJC_IMPLICIT_RETAIN_SELF = YES;
				CLANG_WARN_OBJC_LITERAL_CONVERSION = YES;
				CLANG_WARN_OBJC_ROOT_CLASS = YES_ERROR;
				CLANG_WARN_RANGE_LOOP_ANALYSIS = YES;
				CLANG_WARN_STRICT_PROTOTYPES = YES;
				CLANG_WARN_SUSPICIOUS_MOVE = YES;
				CLANG_WARN_UNGUARDED_AVAILABILITY = YES_AGGRESSIVE;
				CLANG_WARN_UNREACHABLE_CODE = YES;
				CLANG_WARN__DUPLICATE_METHOD_MATCH = YES;
				COPY_PHASE_STRIP = NO;
				DEBUG_INFORMATION_FORMAT = dwarf;
				ENABLE_STRICT_OBJC_MSGSEND = YES;
				ENABLE_TESTABILITY = YES;
				GCC_C_LANGUAGE_STANDARD = gnu11;
				GCC_DYNAMIC_NO_PIC = NO;
				GCC_NO_COMMON_BLOCKS = YES;
				GCC_OPTIMIZATION_LEVEL = 0;
				GCC_PREPROCESSOR_DEFINITIONS = (
					"DEBUG=1",
					"$(inherited)",
				);
				GCC_WARN_64_TO_32_BIT_CONVERSION = YES;
				GCC_WARN_ABOUT_RETURN_TYPE = YES_ERROR;
				GCC_WARN_UNDECLARED_SELECTOR = YES;
				GCC_WARN_UNINITIALIZED_AUTOS = YES_AGGRESSIVE;
				GCC_WARN_UNUSED_FUNCTION = YES;
				GCC_WARN_UNUSED_VARIABLE = YES;
				IPHONEOS_DEPLOYMENT_TARGET = 13.2;
				MTL_ENABLE_DEBUG_INFO = INCLUDE_SOURCE;
				MTL_FAST_MATH = YES;
				ONLY_ACTIVE_ARCH = YES;
				SDKROOT = iphoneos;
				SWIFT_ACTIVE_COMPILATION_CONDITIONS = DEBUG;
				SWIFT_OPTIMIZATION_LEVEL = "-Onone";
			};
			name = Debug;
		};
		75965D7424376487002FD2E1 /* Release */ = {
			isa = XCBuildConfiguration;
			buildSettings = {
				ALWAYS_SEARCH_USER_PATHS = NO;
				CLANG_ANALYZER_NONNULL = YES;
				CLANG_ANALYZER_NUMBER_OBJECT_CONVERSION = YES_AGGRESSIVE;
				CLANG_CXX_LANGUAGE_STANDARD = "gnu++14";
				CLANG_CXX_LIBRARY = "libc++";
				CLANG_ENABLE_MODULES = YES;
				CLANG_ENABLE_OBJC_ARC = YES;
				CLANG_ENABLE_OBJC_WEAK = YES;
				CLANG_WARN_BLOCK_CAPTURE_AUTORELEASING = YES;
				CLANG_WARN_BOOL_CONVERSION = YES;
				CLANG_WARN_COMMA = YES;
				CLANG_WARN_CONSTANT_CONVERSION = YES;
				CLANG_WARN_DEPRECATED_OBJC_IMPLEMENTATIONS = YES;
				CLANG_WARN_DIRECT_OBJC_ISA_USAGE = YES_ERROR;
				CLANG_WARN_DOCUMENTATION_COMMENTS = YES;
				CLANG_WARN_EMPTY_BODY = YES;
				CLANG_WARN_ENUM_CONVERSION = YES;
				CLANG_WARN_INFINITE_RECURSION = YES;
				CLANG_WARN_INT_CONVERSION = YES;
				CLANG_WARN_NON_LITERAL_NULL_CONVERSION = YES;
				CLANG_WARN_OBJC_IMPLICIT_RETAIN_SELF = YES;
				CLANG_WARN_OBJC_LITERAL_CONVERSION = YES;
				CLANG_WARN_OBJC_ROOT_CLASS = YES_ERROR;
				CLANG_WARN_RANGE_LOOP_ANALYSIS = YES;
				CLANG_WARN_STRICT_PROTOTYPES = YES;
				CLANG_WARN_SUSPICIOUS_MOVE = YES;
				CLANG_WARN_UNGUARDED_AVAILABILITY = YES_AGGRESSIVE;
				CLANG_WARN_UNREACHABLE_CODE = YES;
				CLANG_WARN__DUPLICATE_METHOD_MATCH = YES;
				COPY_PHASE_STRIP = NO;
				DEBUG_INFORMATION_FORMAT = "dwarf-with-dsym";
				ENABLE_NS_ASSERTIONS = NO;
				ENABLE_STRICT_OBJC_MSGSEND = YES;
				GCC_C_LANGUAGE_STANDARD = gnu11;
				GCC_NO_COMMON_BLOCKS = YES;
				GCC_WARN_64_TO_32_BIT_CONVERSION = YES;
				GCC_WARN_ABOUT_RETURN_TYPE = YES_ERROR;
				GCC_WARN_UNDECLARED_SELECTOR = YES;
				GCC_WARN_UNINITIALIZED_AUTOS = YES_AGGRESSIVE;
				GCC_WARN_UNUSED_FUNCTION = YES;
				GCC_WARN_UNUSED_VARIABLE = YES;
				IPHONEOS_DEPLOYMENT_TARGET = 13.2;
				MTL_ENABLE_DEBUG_INFO = NO;
				MTL_FAST_MATH = YES;
				SDKROOT = iphoneos;
				SWIFT_COMPILATION_MODE = wholemodule;
				SWIFT_OPTIMIZATION_LEVEL = "-O";
				VALIDATE_PRODUCT = YES;
			};
			name = Release;
		};
		75965D7624376487002FD2E1 /* Debug */ = {
			isa = XCBuildConfiguration;
			baseConfigurationReference = 6C6D6122B7D88CA5B981BABA /* Pods-Plante Bluetooth.debug.xcconfig */;
			buildSettings = {
				ASSETCATALOG_COMPILER_APPICON_NAME = AppIcon;
				CODE_SIGN_STYLE = Automatic;
				DEVELOPMENT_TEAM = Z7KF4PD8MN;
				INFOPLIST_FILE = "Plante Bluetooth/Info.plist";
				LD_RUNPATH_SEARCH_PATHS = (
					"$(inherited)",
					"@executable_path/Frameworks",
				);
				PRODUCT_BUNDLE_IDENTIFIER = "tsoriano.Plante-Bluetooth";
				PRODUCT_NAME = "Plant Connect";
				SWIFT_VERSION = 5.0;
				TARGETED_DEVICE_FAMILY = 1;
			};
			name = Debug;
		};
		75965D7724376487002FD2E1 /* Release */ = {
			isa = XCBuildConfiguration;
			baseConfigurationReference = 4855752B2E758A515E004BB7 /* Pods-Plante Bluetooth.release.xcconfig */;
			buildSettings = {
				ASSETCATALOG_COMPILER_APPICON_NAME = AppIcon;
				CODE_SIGN_STYLE = Automatic;
				DEVELOPMENT_TEAM = Z7KF4PD8MN;
				INFOPLIST_FILE = "Plante Bluetooth/Info.plist";
				LD_RUNPATH_SEARCH_PATHS = (
					"$(inherited)",
					"@executable_path/Frameworks",
				);
				PRODUCT_BUNDLE_IDENTIFIER = "tsoriano.Plante-Bluetooth";
				PRODUCT_NAME = "Plant Connect";
				SWIFT_VERSION = 5.0;
				TARGETED_DEVICE_FAMILY = 1;
			};
			name = Release;
		};
/* End XCBuildConfiguration section */

/* Begin XCConfigurationList section */
		75965D5C2437647F002FD2E1 /* Build configuration list for PBXProject "Plante Bluetooth" */ = {
			isa = XCConfigurationList;
			buildConfigurations = (
				75965D7324376487002FD2E1 /* Debug */,
				75965D7424376487002FD2E1 /* Release */,
			);
			defaultConfigurationIsVisible = 0;
			defaultConfigurationName = Release;
		};
		75965D7524376487002FD2E1 /* Build configuration list for PBXNativeTarget "Plante Bluetooth" */ = {
			isa = XCConfigurationList;
			buildConfigurations = (
				75965D7624376487002FD2E1 /* Debug */,
				75965D7724376487002FD2E1 /* Release */,
			);
			defaultConfigurationIsVisible = 0;
			defaultConfigurationName = Release;
		};
/* End XCConfigurationList section */
	};
	rootObject = 75965D592437647F002FD2E1 /* Project object */;
}
